github.com/go-kit/kit v0.9.0 h1:wDJmvq38kDhkVxi50ni9ykkdUr1PKgqKOoi01fa0Mdk=
github.com/go-kit/kit v0.9.0/go.mod h1:xBxKIO96dXMWWy0MnWVtmwkA9/13aqxPnvrjFYMA2as=
github.com/go-logfmt/logfmt v0.4.0 h1:MP4Eh7ZCb31lleYCFuwm0oe4/YGak+5l1vA2NOE80nA=
github.com/go-logfmt/logfmt v0.4.0/go.mod h1:3RMwSq7FuexP4Kalkev3ejPJsZTpXXBr9+V4qmtdjCk=
github.com/go-stack/stack v1.8.0 h1:5SgMzNM5HxrEjV0ww2lTmX6E2Izsfxas4+YHWRs3Lsk=
github.com/go-stack/stack v1.8.0/go.mod h1:v0f6uXyyMGvRgIKkXu+yp6POWl0qKG85gN/melR3HDY=
github.com/kr/logfmt v0.0.0-20140226030751-b84e30acd515 h1:T+h1c/A9Gawja4Y9mFVWj2vyii2bbUNDw3kt9VxK2EY=
github.com/kr/logfmt v0.0.0-20140226030751-b84e30acd515/go.mod h1:+0opPa2QZZtGFBFZlji/RkVcI2GknAs/DXo4wKdlNEc=
github.com/zlyuancn/zassert v0.0.0-20190705030113-c03c9adae9a9 h1:jjGB9dn+ZRqXVfmaICK99oS+GG6PXtIDz6ecYy/skw0=
github.com/zlyuancn/zassert v0.0.0-20190705030113-c03c9adae9a9/go.mod h1:xmoZNxF6iXjTA+/vpKPqqHk6GxAKmSa3tj9AXm4pxJM=
github.com/zlyuancn/ztcp v0.0.0-20190811042126-5db42fa7beac h1:468sc8fPu2Z6A7tF1lYb8wvQZBkbGusrMxrsHBZf5tM=
github.com/zlyuancn/ztcp v0.0.0-20190811042126-5db42fa7beac/go.mod h1:BfHCxQLo0aE5FIYNuzdI+draDjB4CS8jIhlDhQ0KHTM=
